[[package]]
name = "core"
source = "path+from-root-B77DA2F383183718"

[[package]]
name = "ecal_lib"
source = "path+from-root-D5EEE7B6CA7A19A9"
dependencies = ["std"]

[[package]]
name = "my_contract_lib"
source = "member"
dependencies = [
    "ecal_lib",
    "std",
]

[[package]]
name = "std"
source = "git+https://github.com/fuellabs/sway?tag=v0.48.1#6886ef050ce62afd3fe3186ed562fd33bd76bffa"
dependencies = ["core"]
